
Microsoft Visual Studio Solution File, Format Version 12.00
# Visual Studio 15
Project("{FAE04EC0-301F-11D3-BF4B-00C04F79EFBC}") = "Assembly-CSharp-Editor", "Assembly-CSharp-Editor.csproj", "{5AEBE1FF-2F65-D646-3E50-2AF76684FD67}"
EndProject
Project("{FAE04EC0-301F-11D3-BF4B-00C04F79EFBC}") = "Assembly-CSharp", "Assembly-CSharp.csproj", "{62C9241A-36A5-0CFE-54BA-B84F4463C91B}"
EndProject
Global
	GlobalSection(SolutionConfigurationPlatforms) = preSolution
		Debug|Any CPU = Debug|Any CPU
		Release|Any CPU = Release|Any CPU
	EndGlobalSection
	GlobalSection(ProjectConfigurationPlatforms) = postSolution
		{5AEBE1FF-2F65-D646-3E50-2AF76684FD67}.Debug|Any CPU.ActiveCfg = Debug|Any CPU
		{5AEBE1FF-2F65-D646-3E50-2AF76684FD67}.Debug|Any CPU.Build.0 = Debug|Any CPU
		{5AEBE1FF-2F65-D646-3E50-2AF76684FD67}.Release|Any CPU.ActiveCfg = Release|Any CPU
		{5AEBE1FF-2F65-D646-3E50-2AF76684FD67}.Release|Any CPU.Build.0 = Release|Any CPU
		{62C9241A-36A5-0CFE-54BA-B84F4463C91B}.Debug|Any CPU.ActiveCfg = Debug|Any CPU
		{62C9241A-36A5-0CFE-54BA-B84F4463C91B}.Debug|Any CPU.Build.0 = Debug|Any CPU
		{62C9241A-36A5-0CFE-54BA-B84F4463C91B}.Release|Any CPU.ActiveCfg = Release|Any CPU
		{62C9241A-36A5-0CFE-54BA-B84F4463C91B}.Release|Any CPU.Build.0 = Release|Any CPU
	EndGlobalSection
	GlobalSection(SolutionProperties) = preSolution
		HideSolutionNode = FALSE
	EndGlobalSection
EndGlobal
